// !$*UTF8*$!
{
	archiveVersion = 1;
	classes = {
	};
	objectVersion = 50;
	objects = {

/* Begin PBXBuildFile section */
		574FC205212D537D005811C1 /* CartClassifier.mlmodel in Sources */ = {isa = PBXBuildFile; fileRef = 574FC204212D537D005811C1 /* CartClassifier.mlmodel */; };
		A5BAFB5B21359A22000D224E /* UIView+CornerRadius.swift in Sources */ = {isa = PBXBuildFile; fileRef = A5BAFB5A21359A22000D224E /* UIView+CornerRadius.swift */; };
		A5D974BE211202AC00418378 /* AppDelegate.swift in Sources */ = {isa = PBXBuildFile; fileRef = A5D974BD211202AC00418378 /* AppDelegate.swift */; };
		A5D974C0211202AD00418378 /* ViewController.swift in Sources */ = {isa = PBXBuildFile; fileRef = A5D974BF211202AD00418378 /* ViewController.swift */; };
		A5D974C3211202AD00418378 /* Main.storyboard in Resources */ = {isa = PBXBuildFile; fileRef = A5D974C1211202AD00418378 /* Main.storyboard */; };
		A5D974C5211202C200418378 /* Assets.xcassets in Resources */ = {isa = PBXBuildFile; fileRef = A5D974C4211202C200418378 /* Assets.xcassets */; };
		A5D974C8211202C300418378 /* LaunchScreen.storyboard in Resources */ = {isa = PBXBuildFile; fileRef = A5D974C6211202C300418378 /* LaunchScreen.storyboard */; };
/* End PBXBuildFile section */

/* Begin PBXFileReference section */
		574FC204212D537D005811C1 /* CartClassifier.mlmodel */ = {isa = PBXFileReference; lastKnownFileType = file.mlmodel; path = CartClassifier.mlmodel; sourceTree = "<group>"; };
		A5BAFB5A21359A22000D224E /* UIView+CornerRadius.swift */ = {isa = PBXFileReference; lastKnownFileType = sourcecode.swift; path = "UIView+CornerRadius.swift"; sourceTree = "<group>"; };
		A5D974BA211202AC00418378 /* create_ml_retro.app */ = {isa = PBXFileReference; explicitFileType = wrapper.application; includeInIndex = 0; path = create_ml_retro.app; sourceTree = BUILT_PRODUCTS_DIR; };
		A5D974BD211202AC00418378 /* AppDelegate.swift */ = {isa = PBXFileReference; lastKnownFileType = sourcecode.swift; path = AppDelegate.swift; sourceTree = "<group>"; };
		A5D974BF211202AD00418378 /* ViewController.swift */ = {isa = PBXFileReference; lastKnownFileType = sourcecode.swift; path = ViewController.swift; sourceTree = "<group>"; };
		A5D974C2211202AD00418378 /* Base */ = {isa = PBXFileReference; lastKnownFileType = file.storyboard; name = Base; path = Base.lproj/Main.storyboard; sourceTree = "<group>"; };
		A5D974C4211202C200418378 /* Assets.xcassets */ = {isa = PBXFileReference; lastKnownFileType = folder.assetcatalog; path = Assets.xcassets; sourceTree = "<group>"; };
		A5D974C7211202C300418378 /* Base */ = {isa = PBXFileReference; lastKnownFileType = file.storyboard; name = Base; path = Base.lproj/LaunchScreen.storyboard; sourceTree = "<group>"; };
		A5D974C9211202C300418378 /* Info.plist */ = {isa = PBXFileReference; lastKnownFileType = text.plist.xml; path = Info.plist; sourceTree = "<group>"; };
/* End PBXFileReference section */

/* Begin PBXFrameworksBuildPhase section */
		A5D974B7211202AC00418378 /* Frameworks */ = {
			isa = PBXFrameworksBuildPhase;
			buildActionMask = 2147483647;
			files = (
			);
			runOnlyForDeploymentPostprocessing = 0;
		};
/* End PBXFrameworksBuildPhase section */

/* Begin PBXGroup section */
		A5BAFB552135981D000D224E /* Supporting Files */ = {
			isa = PBXGroup;
			children = (
				A5D974C4211202C200418378 /* Assets.xcassets */,
				A5D974C6211202C300418378 /* LaunchScreen.storyboard */,
				A5D974C9211202C300418378 /* Info.plist */,
			);
			path = "Supporting Files";
			sourceTree = "<group>";
		};
		A5BAFB5621359844000D224E /* Models */ = {
			isa = PBXGroup;
			children = (
				574FC204212D537D005811C1 /* CartClassifier.mlmodel */,
			);
			path = Models;
			sourceTree = "<group>";
		};
		A5BAFB572135985A000D224E /* ViewControllers */ = {
			isa = PBXGroup;
			children = (
				A5D974BF211202AD00418378 /* ViewController.swift */,
			);
			path = ViewControllers;
			sourceTree = "<group>";
		};
		A5BAFB58213598E6000D224E /* Storyboards */ = {
			isa = PBXGroup;
			children = (
				A5D974C1211202AD00418378 /* Main.storyboard */,
			);
			path = Storyboards;
			sourceTree = "<group>";
		};
		A5BAFB59213599F5000D224E /* Extensions */ = {
			isa = PBXGroup;
			children = (
				A5BAFB5A21359A22000D224E /* UIView+CornerRadius.swift */,
			);
			path = Extensions;
			sourceTree = "<group>";
		};
		A5D974B1211202AC00418378 = {
			isa = PBXGroup;
			children = (
				A5D974BC211202AC00418378 /* create_ml_retro */,
				A5D974BB211202AC00418378 /* Products */,
			);
			sourceTree = "<group>";
		};
		A5D974BB211202AC00418378 /* Products */ = {
			isa = PBXGroup;
			children = (
				A5D974BA211202AC00418378 /* create_ml_retro.app */,
			);
			name = Products;
			sourceTree = "<group>";
		};
		A5D974BC211202AC00418378 /* create_ml_retro */ = {
			isa = PBXGroup;
			children = (
				A5D974BD211202AC00418378 /* AppDelegate.swift */,
				A5BAFB59213599F5000D224E /* Extensions */,
				A5BAFB5621359844000D224E /* Models */,
				A5BAFB58213598E6000D224E /* Storyboards */,
				A5BAFB552135981D000D224E /* Supporting Files */,
				A5BAFB572135985A000D224E /* ViewControllers */,
			);
			path = create_ml_retro;
			sourceTree = "<group>";
		};
/* End PBXGroup section */

/* Begin PBXNativeTarget section */
		A5D974B9211202AC00418378 /* create_ml_retro */ = {
			isa = PBXNativeTarget;
			buildConfigurationList = A5D974CC211202C300418378 /* Build configuration list for PBXNativeTarget "create_ml_retro" */;
			buildPhases = (
				A5D974B6211202AC00418378 /* Sources */,
				A5D974B7211202AC00418378 /* Frameworks */,
				A5D974B8211202AC00418378 /* Resources */,
			);
			buildRules = (
			);
			dependencies = (
			);
			name = create_ml_retro;
			productName = create_ml_retro;
			productReference = A5D974BA211202AC00418378 /* create_ml_retro.app */;
			productType = "com.apple.product-type.application";
		};
/* End PBXNativeTarget section */

/* Begin PBXProject section */
		A5D974B2211202AC00418378 /* Project object */ = {
			isa = PBXProject;
			attributes = {
				LastSwiftUpdateCheck = 1000;
				LastUpgradeCheck = 1000;
				ORGANIZATIONNAME = "monolithic-adam";
				TargetAttributes = {
					A5D974B9211202AC00418378 = {
						CreatedOnToolsVersion = 10.0;
					};
				};
			};
			buildConfigurationList = A5D974B5211202AC00418378 /* Build configuration list for PBXProject "create_ml_retro" */;
			compatibilityVersion = "Xcode 9.3";
			developmentRegion = en;
			hasScannedForEncodings = 0;
			knownRegions = (
				en,
				Base,
			);
			mainGroup = A5D974B1211202AC00418378;
			productRefGroup = A5D974BB211202AC00418378 /* Products */;
			projectDirPath = "";
			projectRoot = "";
			targets = (
				A5D974B9211202AC00418378 /* create_ml_retro */,
			);
		};
/* End PBXProject section */

/* Begin PBXResourcesBuildPhase section */
		A5D974B8211202AC00418378 /* Resources */ = {
			isa = PBXResourcesBuildPhase;
			buildActionMask = 2147483647;
			files = (
				A5D974C8211202C300418378 /* LaunchScreen.storyboard in Resources */,
				A5D974C5211202C200418378 /* Assets.xcassets in Resources */,
				A5D974C3211202AD00418378 /* Main.storyboard in Resources */,
			);
			runOnlyForDeploymentPostprocessing = 0;
		};
/* End PBXResourcesBuildPhase section */

/* Begin PBXSourcesBuildPhase section */
		A5D974B6211202AC00418378 /* Sources */ = {
			isa = PBXSourcesBuildPhase;
			buildActionMask = 2147483647;
			files = (
				A5D974C0211202AD00418378 /* ViewController.swift in Sources */,
				A5BAFB5B21359A22000D224E /* UIView+CornerRadius.swift in Sources */,
				574FC205212D537D005811C1 /* CartClassifier.mlmodel in Sources */,
				A5D974BE211202AC00418378 /* AppDelegate.swift in Sources */,
			);
			runOnlyForDeploymentPostprocessing = 0;
		};
/* End PBXSourcesBuildPhase section */

/* Begin PBXVariantGroup section */
		A5D974C1211202AD00418378 /* Main.storyboard */ = {
			isa = PBXVariantGroup;
			children = (
				A5D974C2211202AD00418378 /* Base */,
			);
			name = Main.storyboard;
			sourceTree = "<group>";
		};
		A5D974C6211202C300418378 /* LaunchScreen.storyboard */ = {
			isa = PBXVariantGroup;
			children = (
				A5D974C7211202C300418378 /* Base */,
			);
			name = LaunchScreen.storyboard;
			sourceTree = "<group>";
		};
/* End PBXVariantGroup section */

/* Begin XCBuildConfiguration section */
		A5D974CA211202C300418378 /* Debug */ = {
			isa = XCBuildConfiguration;
			buildSettings = {
				ALWAYS_SEARCH_USER_PATHS = NO;
				CLANG_ANALYZER_NONNULL = YES;
				CLANG_ANALYZER_NUMBER_OBJECT_CONVERSION = YES_AGGRESSIVE;
				CLANG_CXX_LANGUAGE_STANDARD = "gnu++14";
				CLANG_CXX_LIBRARY = "libc++";
				CLANG_ENABLE_MODULES = YES;
				CLANG_ENABLE_OBJC_ARC = YES;
				CLANG_ENABLE_OBJC_WEAK = YES;
				CLANG_WARN_BLOCK_CAPTURE_AUTORELEASING = YES;
				CLANG_WARN_BOOL_CONVERSION = YES;
				CLANG_WARN_COMMA = YES;
				CLANG_WARN_CONSTANT_CONVERSION = YES;
				CLANG_WARN_DEPRECATED_OBJC_IMPLEMENTATIONS = YES;
				CLANG_WARN_DIRECT_OBJC_ISA_USAGE = YES_ERROR;
				CLANG_WARN_DOCUMENTATION_COMMENTS = YES;
				CLANG_WARN_EMPTY_BODY = YES;
				CLANG_WARN_ENUM_CONVERSION = YES;
				CLANG_WARN_INFINITE_RECURSION = YES;
				CLANG_WARN_INT_CONVERSION = YES;
				CLANG_WARN_NON_LITERAL_NULL_CONVERSION = YES;
				CLANG_WARN_OBJC_IMPLICIT_RETAIN_SELF = YES;
				CLANG_WARN_OBJC_LITERAL_CONVERSION = YES;
				CLANG_WARN_OBJC_ROOT_CLASS = YES_ERROR;
				CLANG_WARN_RANGE_LOOP_ANALYSIS = YES;
				CLANG_WARN_STRICT_PROTOTYPES = YES;
				CLANG_WARN_SUSPICIOUS_MOVE = YES;
				CLANG_WARN_UNGUARDED_AVAILABILITY = YES_AGGRESSIVE;
				CLANG_WARN_UNREACHABLE_CODE = YES;
				CLANG_WARN__DUPLICATE_METHOD_MATCH = YES;
				CODE_SIGN_IDENTITY = "iPhone Developer";
				COPY_PHASE_STRIP = NO;
				DEBUG_INFORMATION_FORMAT = dwarf;
				ENABLE_STRICT_OBJC_MSGSEND = YES;
				ENABLE_TESTABILITY = YES;
				GCC_C_LANGUAGE_STANDARD = gnu11;
				GCC_DYNAMIC_NO_PIC = NO;
				GCC_NO_COMMON_BLOCKS = YES;
				GCC_OPTIMIZATION_LEVEL = 0;
				GCC_PREPROCESSOR_DEFINITIONS = (
					"DEBUG=1",
					"$(inherited)",
				);
				GCC_WARN_64_TO_32_BIT_CONVERSION = YES;
				GCC_WARN_ABOUT_RETURN_TYPE = YES_ERROR;
				GCC_WARN_UNDECLARED_SELECTOR = YES;
				GCC_WARN_UNINITIALIZED_AUTOS = YES_AGGRESSIVE;
				GCC_WARN_UNUSED_FUNCTION = YES;
				GCC_WARN_UNUSED_VARIABLE = YES;
				IPHONEOS_DEPLOYMENT_TARGET = 12.0;
				MTL_ENABLE_DEBUG_INFO = INCLUDE_SOURCE;
				ONLY_ACTIVE_ARCH = YES;
				SDKROOT = iphoneos;
				SWIFT_ACTIVE_COMPILATION_CONDITIONS = DEBUG;
				SWIFT_OPTIMIZATION_LEVEL = "-Onone";
			};
			name = Debug;
		};
		A5D974CB211202C300418378 /* Release */ = {
			isa = XCBuildConfiguration;
			buildSettings = {
				ALWAYS_SEARCH_USER_PATHS = NO;
				CLANG_ANALYZER_NONNULL = YES;
				CLANG_ANALYZER_NUMBER_OBJECT_CONVERSION = YES_AGGRESSIVE;
				CLANG_CXX_LANGUAGE_STANDARD = "gnu++14";
				CLANG_CXX_LIBRARY = "libc++";
				CLANG_ENABLE_MODULES = YES;
				CLANG_ENABLE_OBJC_ARC = YES;
				CLANG_ENABLE_OBJC_WEAK = YES;
				CLANG_WARN_BLOCK_CAPTURE_AUTORELEASING = YES;
				CLANG_WARN_BOOL_CONVERSION = YES;
				CLANG_WARN_COMMA = YES;
				CLANG_WARN_CONSTANT_CONVERSION = YES;
				CLANG_WARN_DEPRECATED_OBJC_IMPLEMENTATIONS = YES;
				CLANG_WARN_DIRECT_OBJC_ISA_USAGE = YES_ERROR;
				CLANG_WARN_DOCUMENTATION_COMMENTS = YES;
				CLANG_WARN_EMPTY_BODY = YES;
				CLANG_WARN_ENUM_CONVERSION = YES;
				CLANG_WARN_INFINITE_RECURSION = YES;
				CLANG_WARN_INT_CONVERSION = YES;
				CLANG_WARN_NON_LITERAL_NULL_CONVERSION = YES;
				CLANG_WARN_OBJC_IMPLICIT_RETAIN_SELF = YES;
				CLANG_WARN_OBJC_LITERAL_CONVERSION = YES;
				CLANG_WARN_OBJC_ROOT_CLASS = YES_ERROR;
				CLANG_WARN_RANGE_LOOP_ANALYSIS = YES;
				CLANG_WARN_STRICT_PROTOTYPES = YES;
				CLANG_WARN_SUSPICIOUS_MOVE = YES;
				CLANG_WARN_UNGUARDED_AVAILABILITY = YES_AGGRESSIVE;
				CLANG_WARN_UNREACHABLE_CODE = YES;
				CLANG_WARN__DUPLICATE_METHOD_MATCH = YES;
				CODE_SIGN_IDENTITY = "iPhone Developer";
				COPY_PHASE_STRIP = NO;
				DEBUG_INFORMATION_FORMAT = "dwarf-with-dsym";
				ENABLE_NS_ASSERTIONS = NO;
				ENABLE_STRICT_OBJC_MSGSEND = YES;
				GCC_C_LANGUAGE_STANDARD = gnu11;
				GCC_NO_COMMON_BLOCKS = YES;
				GCC_WARN_64_TO_32_BIT_CONVERSION = YES;
				GCC_WARN_ABOUT_RETURN_TYPE = YES_ERROR;
				GCC_WARN_UNDECLARED_SELECTOR = YES;
				GCC_WARN_UNINITIALIZED_AUTOS = YES_AGGRESSIVE;
				GCC_WARN_UNUSED_FUNCTION = YES;
				GCC_WARN_UNUSED_VARIABLE = YES;
				IPHONEOS_DEPLOYMENT_TARGET = 12.0;
				MTL_ENABLE_DEBUG_INFO = NO;
				SDKROOT = iphoneos;
				SWIFT_COMPILATION_MODE = wholemodule;
				SWIFT_OPTIMIZATION_LEVEL = "-O";
				VALIDATE_PRODUCT = YES;
			};
			name = Release;
		};
		A5D974CD211202C300418378 /* Debug */ = {
			isa = XCBuildConfiguration;
			buildSettings = {
				ASSETCATALOG_COMPILER_APPICON_NAME = AppIcon;
				CODE_SIGN_STYLE = Automatic;
				DEVELOPMENT_TEAM = K348NRT62P;
				INFOPLIST_FILE = "create_ml_retro/Supporting Files/Info.plist";
				LD_RUNPATH_SEARCH_PATHS = (
					"$(inherited)",
					"@executable_path/Frameworks",
				);
				PRODUCT_BUNDLE_IDENTIFIER = "monolithic-adam.create-ml-retro";
				PRODUCT_NAME = "$(TARGET_NAME)";
				SWIFT_VERSION = 4.0;
				TARGETED_DEVICE_FAMILY = "1,2";
			};
			name = Debug;
		};
		A5D974CE211202C300418378 /* Release */ = {
			isa = XCBuildConfiguration;
			buildSettings = {
				ASSETCATALOG_COMPILER_APPICON_NAME = AppIcon;
				CODE_SIGN_STYLE = Automatic;
				DEVELOPMENT_TEAM = K348NRT62P;
				INFOPLIST_FILE = "create_ml_retro/Supporting Files/Info.plist";
				LD_RUNPATH_SEARCH_PATHS = (
					"$(inherited)",
					"@executable_path/Frameworks",
				);
				PRODUCT_BUNDLE_IDENTIFIER = "monolithic-adam.create-ml-retro";
				PRODUCT_NAME = "$(TARGET_NAME)";
				SWIFT_VERSION = 4.0;
				TARGETED_DEVICE_FAMILY = "1,2";
			};
			name = Release;
		};
/* End XCBuildConfiguration section */

/* Begin XCConfigurationList section */
		A5D974B5211202AC00418378 /* Build configuration list for PBXProject "create_ml_retro" */ = {
			isa = XCConfigurationList;
			buildConfigurations = (
				A5D974CA211202C300418378 /* Debug */,
				A5D974CB211202C300418378 /* Release */,
			);
			defaultConfigurationIsVisible = 0;
			defaultConfigurationName = Release;
		};
		A5D974CC211202C300418378 /* Build configuration list for PBXNativeTarget "create_ml_retro" */ = {
			isa = XCConfigurationList;
			buildConfigurations = (
				A5D974CD211202C300418378 /* Debug */,
				A5D974CE211202C300418378 /* Release */,
			);
			defaultConfigurationIsVisible = 0;
			defaultConfigurationName = Release;
		};
/* End XCConfigurationList section */
	};
	rootObject = A5D974B2211202AC00418378 /* Project object */;
}
